
Microsoft Visual Studio Solution File, Format Version 12.00
# Visual Studio Version 16
VisualStudioVersion = 16.0.28917.181
MinimumVisualStudioVersion = 10.0.40219.1
Project("{FAE04EC0-301F-11D3-BF4B-00C04F79EFBC}") = "AvaliacaoTecnica", "AvaliacaoTecnica\AvaliacaoTecnica.csproj", "{E0CEE3A5-FCF0-47EA-82A3-77CDE24FBECC}"
EndProject
Global
	GlobalSection(SolutionConfigurationPlatforms) = preSolution
		Debug|Any CPU = Debug|Any CPU
		Release|Any CPU = Release|Any CPU
	EndGlobalSection
	GlobalSection(ProjectConfigurationPlatforms) = postSolution
		{E0CEE3A5-FCF0-47EA-82A3-77CDE24FBECC}.Debug|Any CPU.ActiveCfg = Debug|Any CPU
		{E0CEE3A5-FCF0-47EA-82A3-77CDE24FBECC}.Debug|Any CPU.Build.0 = Debug|Any CPU
		{E0CEE3A5-FCF0-47EA-82A3-77CDE24FBECC}.Release|Any CPU.ActiveCfg = Release|Any CPU
		{E0CEE3A5-FCF0-47EA-82A3-77CDE24FBECC}.Release|Any CPU.Build.0 = Release|Any CPU
	EndGlobalSection
	GlobalSection(SolutionProperties) = preSolution
		HideSolutionNode = FALSE
	EndGlobalSection
	GlobalSection(ExtensibilityGlobals) = postSolution
		SolutionGuid = {387F6D36-BD2F-40F9-930B-F31802CDE3B3}
	EndGlobalSection
EndGlobal
